{
  "version": 4,
  "terraform_version": "1.2.8",
  "serial": 1,
  "lineage": "d692ca6f-3555-2db6-c2fb-bed41d28ef3a",
  "outputs": {},
  "resources": [
    {
      "mode": "managed",
      "type": "aws_vpc",
      "name": "firstresourcevpc",
      "provider": "provider[\"registry.terraform.io/hashicorp/aws\"]",
      "instances": [
        {
          "schema_version": 1,
          "attributes": {
            "arn": "arn:aws:ec2:us-east-1:590403097052:vpc/vpc-09d9151703ab22f34",
            "assign_generated_ipv6_cidr_block": false,
            "cidr_block": "10.0.0.0/16",
            "default_network_acl_id": "acl-03954a64eec85e427",
            "default_route_table_id": "rtb-0ecb2d2763a358ceb",
            "default_security_group_id": "sg-0ae7f11b36353145c",
            "dhcp_options_id": "dopt-06acfb241f0330ce5",
            "enable_classiclink": false,
            "enable_classiclink_dns_support": false,
            "enable_dns_hostnames": false,
            "enable_dns_support": true,
            "id": "vpc-09d9151703ab22f34",
            "instance_tenancy": "default",
            "ipv4_ipam_pool_id": null,
            "ipv4_netmask_length": null,
            "ipv6_association_id": "",
            "ipv6_cidr_block": "",
            "ipv6_cidr_block_network_border_group": "",
            "ipv6_ipam_pool_id": "",
            "ipv6_netmask_length": 0,
            "main_route_table_id": "rtb-0ecb2d2763a358ceb",
            "owner_id": "590403097052",
            "tags": null,
            "tags_all": {}
          },
          "sensitive_attributes": [],
          "private": "eyJzY2hlbWFfdmVyc2lvbiI6IjEifQ=="
        }
      ]
    }
  ]
}
